// !$*UTF8*$!
{
	archiveVersion = 1;
	classes = {
	};
	objectVersion = 45;
	objects = {

/* Begin PBXBuildFile section */
		1D3623260D0F684500981E51 /* FitNexusAppDelegate.m in Sources */ = {isa = PBXBuildFile; fileRef = 1D3623250D0F684500981E51 /* FitNexusAppDelegate.m */; };
		1D60589B0D05DD56006BFB54 /* main.m in Sources */ = {isa = PBXBuildFile; fileRef = 29B97316FDCFA39411CA2CEA /* main.m */; };
		1D60589F0D05DD5A006BFB54 /* Foundation.framework in Frameworks */ = {isa = PBXBuildFile; fileRef = 1D30AB110D05D00D00671497 /* Foundation.framework */; };
		1DF5F4E00D08C38300B7A737 /* UIKit.framework in Frameworks */ = {isa = PBXBuildFile; fileRef = 1DF5F4DF0D08C38300B7A737 /* UIKit.framework */; };
		28216C970DB411BC00E5133A /* FirstViewController.m in Sources */ = {isa = PBXBuildFile; fileRef = 28216C960DB411BC00E5133A /* FirstViewController.m */; };
		282CCBFE0DB6C98000C4EA27 /* SecondView.xib in Resources */ = {isa = PBXBuildFile; fileRef = 282CCBFD0DB6C98000C4EA27 /* SecondView.xib */; };
		288765080DF74369002DB57D /* CoreGraphics.framework in Frameworks */ = {isa = PBXBuildFile; fileRef = 288765070DF74369002DB57D /* CoreGraphics.framework */; };
		28AD73880D9D96C1002E5188 /* MainWindow.xib in Resources */ = {isa = PBXBuildFile; fileRef = 28AD73870D9D96C1002E5188 /* MainWindow.xib */; };
		5307EDBF10BABAE00062B62E /* AsyncSocket.m in Sources */ = {isa = PBXBuildFile; fileRef = 5307EDBB10BABAE00062B62E /* AsyncSocket.m */; };
		5307EDC310BABB040062B62E /* CFNetwork.framework in Frameworks */ = {isa = PBXBuildFile; fileRef = 5307EDC210BABB040062B62E /* CFNetwork.framework */; };
		5307EDE610BAE0A40062B62E /* netCon.m in Sources */ = {isa = PBXBuildFile; fileRef = 5307EDE510BAE0A40062B62E /* netCon.m */; };
		532B1EAA1050112D001FF126 /* LocationGetter.m in Sources */ = {isa = PBXBuildFile; fileRef = 532B1EA91050112D001FF126 /* LocationGetter.m */; };
		532B1EAF1050113B001FF126 /* AccelGetter.m in Sources */ = {isa = PBXBuildFile; fileRef = 532B1EAE1050113B001FF126 /* AccelGetter.m */; };
		53900E29105534BD00A73D2B /* StatsScreen.m in Sources */ = {isa = PBXBuildFile; fileRef = 53900E27105534BD00A73D2B /* StatsScreen.m */; };
		53900E2A105534BD00A73D2B /* StatsScreen.xib in Resources */ = {isa = PBXBuildFile; fileRef = 53900E28105534BD00A73D2B /* StatsScreen.xib */; };
		53900E30105534D600A73D2B /* StopWatchScreen.m in Sources */ = {isa = PBXBuildFile; fileRef = 53900E2E105534D600A73D2B /* StopWatchScreen.m */; };
		53900E31105534D600A73D2B /* StopWatchScreen.xib in Resources */ = {isa = PBXBuildFile; fileRef = 53900E2F105534D600A73D2B /* StopWatchScreen.xib */; };
		53900E37105534FF00A73D2B /* SocialNetScreen.m in Sources */ = {isa = PBXBuildFile; fileRef = 53900E35105534FF00A73D2B /* SocialNetScreen.m */; };
		53900E38105534FF00A73D2B /* SocialNetScreen.xib in Resources */ = {isa = PBXBuildFile; fileRef = 53900E36105534FF00A73D2B /* SocialNetScreen.xib */; };
		53900E471055367D00A73D2B /* DataBaseControler.m in Sources */ = {isa = PBXBuildFile; fileRef = 53900E461055367D00A73D2B /* DataBaseControler.m */; };
		53900E6E10555FED00A73D2B /* libsqlite3.dylib in Frameworks */ = {isa = PBXBuildFile; fileRef = 53900E6D10555FED00A73D2B /* libsqlite3.dylib */; };
		539D24A1105AA2760084170C /* MapKit.framework in Frameworks */ = {isa = PBXBuildFile; fileRef = 539D24A0105AA2760084170C /* MapKit.framework */; };
		53A29DC010517AE100D35D5E /* CoreLocation.framework in Frameworks */ = {isa = PBXBuildFile; fileRef = 53A29DBF10517AE100D35D5E /* CoreLocation.framework */; };
		53B416E0107CB6DD008E65CA /* graphView.xib in Resources */ = {isa = PBXBuildFile; fileRef = 53B416DE107CB6DD008E65CA /* graphView.xib */; };
		53B41799107CC13C008E65CA /* statsView.m in Sources */ = {isa = PBXBuildFile; fileRef = 53B41798107CC13C008E65CA /* statsView.m */; };
		53E2335B104C37300073F76A /* TrainingScreen.m in Sources */ = {isa = PBXBuildFile; fileRef = 53E23359104C37300073F76A /* TrainingScreen.m */; };
		53E2335C104C37300073F76A /* TrainingScreen.xib in Resources */ = {isa = PBXBuildFile; fileRef = 53E2335A104C37300073F76A /* TrainingScreen.xib */; };
		6C39A57211A598BD00CA2415 /* info_icon.png in Resources */ = {isa = PBXBuildFile; fileRef = 6C39A57111A598BD00CA2415 /* info_icon.png */; };
		6CA5216611764DD500F51E10 /* clock_icon.png in Resources */ = {isa = PBXBuildFile; fileRef = 6CA5216411764DD500F51E10 /* clock_icon.png */; };
		6CA5216711764DD500F51E10 /* new_train.png in Resources */ = {isa = PBXBuildFile; fileRef = 6CA5216511764DD500F51E10 /* new_train.png */; };
		6CA5216911764DEF00F51E10 /* graph_icon.png in Resources */ = {isa = PBXBuildFile; fileRef = 6CA5216811764DEF00F51E10 /* graph_icon.png */; };
		6CDFBDF0117F5AFD00C3D9C0 /* Icon.png in Resources */ = {isa = PBXBuildFile; fileRef = 6CDFBDEF117F5AFD00C3D9C0 /* Icon.png */; };
		6CDFBDF6117F5C0300C3D9C0 /* title_screen.png in Resources */ = {isa = PBXBuildFile; fileRef = 6CDFBDF5117F5C0300C3D9C0 /* title_screen.png */; };
		6CE1EB8911B3A8BA00D517C3 /* Worklog.txt in Resources */ = {isa = PBXBuildFile; fileRef = 6CE1EB8811B3A8BA00D517C3 /* Worklog.txt */; };
		6CF2AB8B119ADDF3004C7ECB /* pickerWindow.m in Sources */ = {isa = PBXBuildFile; fileRef = 6CF2AB8A119ADDF3004C7ECB /* pickerWindow.m */; };
		6CF2AB9F119AE082004C7ECB /* pickerView.xib in Resources */ = {isa = PBXBuildFile; fileRef = 6CF2AB9E119AE082004C7ECB /* pickerView.xib */; };
/* End PBXBuildFile section */

/* Begin PBXFileReference section */
		1D30AB110D05D00D00671497 /* Foundation.framework */ = {isa = PBXFileReference; lastKnownFileType = wrapper.framework; name = Foundation.framework; path = System/Library/Frameworks/Foundation.framework; sourceTree = SDKROOT; };
		1D3623240D0F684500981E51 /* FitNexusAppDelegate.h */ = {isa = PBXFileReference; fileEncoding = 4; lastKnownFileType = sourcecode.c.h; path = FitNexusAppDelegate.h; sourceTree = "<group>"; };
		1D3623250D0F684500981E51 /* FitNexusAppDelegate.m */ = {isa = PBXFileReference; fileEncoding = 4; lastKnownFileType = sourcecode.c.objc; path = FitNexusAppDelegate.m; sourceTree = "<group>"; };
		1D6058910D05DD3D006BFB54 /* PhysicalAnalytics.app */ = {isa = PBXFileReference; explicitFileType = wrapper.application; includeInIndex = 0; path = PhysicalAnalytics.app; sourceTree = BUILT_PRODUCTS_DIR; };
		1DF5F4DF0D08C38300B7A737 /* UIKit.framework */ = {isa = PBXFileReference; lastKnownFileType = wrapper.framework; name = UIKit.framework; path = System/Library/Frameworks/UIKit.framework; sourceTree = SDKROOT; };
		28216C950DB411BC00E5133A /* FirstViewController.h */ = {isa = PBXFileReference; fileEncoding = 4; lastKnownFileType = sourcecode.c.h; path = FirstViewController.h; sourceTree = "<group>"; };
		28216C960DB411BC00E5133A /* FirstViewController.m */ = {isa = PBXFileReference; fileEncoding = 4; lastKnownFileType = sourcecode.c.objc; path = FirstViewController.m; sourceTree = "<group>"; };
		282CCBFD0DB6C98000C4EA27 /* SecondView.xib */ = {isa = PBXFileReference; lastKnownFileType = file.xib; path = SecondView.xib; sourceTree = "<group>"; };
		288765070DF74369002DB57D /* CoreGraphics.framework */ = {isa = PBXFileReference; lastKnownFileType = wrapper.framework; name = CoreGraphics.framework; path = System/Library/Frameworks/CoreGraphics.framework; sourceTree = SDKROOT; };
		28A0AB4B0D9B1048005BE974 /* PhysicalAnalytics_Prefix.pch */ = {isa = PBXFileReference; fileEncoding = 4; lastKnownFileType = sourcecode.c.h; path = PhysicalAnalytics_Prefix.pch; sourceTree = "<group>"; };
		28AD73870D9D96C1002E5188 /* MainWindow.xib */ = {isa = PBXFileReference; lastKnownFileType = file.xib; path = MainWindow.xib; sourceTree = "<group>"; };
		29B97316FDCFA39411CA2CEA /* main.m */ = {isa = PBXFileReference; fileEncoding = 4; lastKnownFileType = sourcecode.c.objc; path = main.m; sourceTree = "<group>"; };
		5307EDBB10BABAE00062B62E /* AsyncSocket.m */ = {isa = PBXFileReference; fileEncoding = 4; lastKnownFileType = sourcecode.c.objc; path = AsyncSocket.m; sourceTree = "<group>"; };
		5307EDBC10BABAE00062B62E /* AsyncSocket.h */ = {isa = PBXFileReference; fileEncoding = 4; lastKnownFileType = sourcecode.c.h; path = AsyncSocket.h; sourceTree = "<group>"; };
		5307EDC210BABB040062B62E /* CFNetwork.framework */ = {isa = PBXFileReference; lastKnownFileType = wrapper.framework; name = CFNetwork.framework; path = System/Library/Frameworks/CFNetwork.framework; sourceTree = SDKROOT; };
		5307EDE410BAE0A40062B62E /* netCon.h */ = {isa = PBXFileReference; fileEncoding = 4; lastKnownFileType = sourcecode.c.h; path = netCon.h; sourceTree = "<group>"; };
		5307EDE510BAE0A40062B62E /* netCon.m */ = {isa = PBXFileReference; fileEncoding = 4; lastKnownFileType = sourcecode.c.objc; path = netCon.m; sourceTree = "<group>"; };
		532B1EA81050112D001FF126 /* LocationGetter.h */ = {isa = PBXFileReference; fileEncoding = 4; lastKnownFileType = sourcecode.c.h; name = LocationGetter.h; path = ../LocationGetter.h; sourceTree = "<group>"; };
		532B1EA91050112D001FF126 /* LocationGetter.m */ = {isa = PBXFileReference; fileEncoding = 4; lastKnownFileType = sourcecode.c.objc; name = LocationGetter.m; path = ../LocationGetter.m; sourceTree = "<group>"; };
		532B1EAD1050113B001FF126 /* AccelGetter.h */ = {isa = PBXFileReference; fileEncoding = 4; lastKnownFileType = sourcecode.c.h; name = AccelGetter.h; path = ../AccelGetter.h; sourceTree = "<group>"; };
		532B1EAE1050113B001FF126 /* AccelGetter.m */ = {isa = PBXFileReference; fileEncoding = 4; lastKnownFileType = sourcecode.c.objc; name = AccelGetter.m; path = ../AccelGetter.m; sourceTree = "<group>"; };
		53900E26105534BD00A73D2B /* StatsScreen.h */ = {isa = PBXFileReference; fileEncoding = 4; lastKnownFileType = sourcecode.c.h; path = StatsScreen.h; sourceTree = "<group>"; };
		53900E27105534BD00A73D2B /* StatsScreen.m */ = {isa = PBXFileReference; fileEncoding = 4; lastKnownFileType = sourcecode.c.objc; path = StatsScreen.m; sourceTree = "<group>"; };
		53900E28105534BD00A73D2B /* StatsScreen.xib */ = {isa = PBXFileReference; lastKnownFileType = file.xib; name = StatsScreen.xib; path = Classes/StatsScreen.xib; sourceTree = "<group>"; };
		53900E2D105534D600A73D2B /* StopWatchScreen.h */ = {isa = PBXFileReference; fileEncoding = 4; lastKnownFileType = sourcecode.c.h; path = StopWatchScreen.h; sourceTree = "<group>"; };
		53900E2E105534D600A73D2B /* StopWatchScreen.m */ = {isa = PBXFileReference; fileEncoding = 4; lastKnownFileType = sourcecode.c.objc; path = StopWatchScreen.m; sourceTree = "<group>"; };
		53900E2F105534D600A73D2B /* StopWatchScreen.xib */ = {isa = PBXFileReference; lastKnownFileType = file.xib; name = StopWatchScreen.xib; path = Classes/StopWatchScreen.xib; sourceTree = "<group>"; };
		53900E34105534FF00A73D2B /* SocialNetScreen.h */ = {isa = PBXFileReference; fileEncoding = 4; lastKnownFileType = sourcecode.c.h; path = SocialNetScreen.h; sourceTree = "<group>"; };
		53900E35105534FF00A73D2B /* SocialNetScreen.m */ = {isa = PBXFileReference; fileEncoding = 4; lastKnownFileType = sourcecode.c.objc; path = SocialNetScreen.m; sourceTree = "<group>"; };
		53900E36105534FF00A73D2B /* SocialNetScreen.xib */ = {isa = PBXFileReference; lastKnownFileType = file.xib; name = SocialNetScreen.xib; path = Classes/SocialNetScreen.xib; sourceTree = "<group>"; };
		53900E451055367D00A73D2B /* DataBaseControler.h */ = {isa = PBXFileReference; fileEncoding = 4; lastKnownFileType = sourcecode.c.h; name = DataBaseControler.h; path = ../DataBaseControler.h; sourceTree = "<group>"; };
		53900E461055367D00A73D2B /* DataBaseControler.m */ = {isa = PBXFileReference; fileEncoding = 4; lastKnownFileType = sourcecode.c.objc; name = DataBaseControler.m; path = ../DataBaseControler.m; sourceTree = "<group>"; };
		53900E6D10555FED00A73D2B /* libsqlite3.dylib */ = {isa = PBXFileReference; lastKnownFileType = "compiled.mach-o.dylib"; name = libsqlite3.dylib; path = usr/lib/libsqlite3.dylib; sourceTree = SDKROOT; };
		539D24A0105AA2760084170C /* MapKit.framework */ = {isa = PBXFileReference; lastKnownFileType = wrapper.framework; name = MapKit.framework; path = System/Library/Frameworks/MapKit.framework; sourceTree = SDKROOT; };
		53A29DBF10517AE100D35D5E /* CoreLocation.framework */ = {isa = PBXFileReference; lastKnownFileType = wrapper.framework; name = CoreLocation.framework; path = System/Library/Frameworks/CoreLocation.framework; sourceTree = SDKROOT; };
		53B416DE107CB6DD008E65CA /* graphView.xib */ = {isa = PBXFileReference; lastKnownFileType = file.xib; name = graphView.xib; path = Classes/graphView.xib; sourceTree = "<group>"; };
		53B41797107CC13C008E65CA /* statsView.h */ = {isa = PBXFileReference; fileEncoding = 4; lastKnownFileType = sourcecode.c.h; path = statsView.h; sourceTree = "<group>"; };
		53B41798107CC13C008E65CA /* statsView.m */ = {isa = PBXFileReference; fileEncoding = 4; lastKnownFileType = sourcecode.c.objc; path = statsView.m; sourceTree = "<group>"; };
		53E23358104C37300073F76A /* TrainingScreen.h */ = {isa = PBXFileReference; fileEncoding = 4; lastKnownFileType = sourcecode.c.h; name = TrainingScreen.h; path = ../TrainingScreen.h; sourceTree = "<group>"; };
		53E23359104C37300073F76A /* TrainingScreen.m */ = {isa = PBXFileReference; fileEncoding = 4; lastKnownFileType = sourcecode.c.objc; name = TrainingScreen.m; path = ../TrainingScreen.m; sourceTree = "<group>"; };
		53E2335A104C37300073F76A /* TrainingScreen.xib */ = {isa = PBXFileReference; lastKnownFileType = file.xib; path = TrainingScreen.xib; sourceTree = "<group>"; };
		6C39A57111A598BD00CA2415 /* info_icon.png */ = {isa = PBXFileReference; lastKnownFileType = image.png; name = info_icon.png; path = images/info_icon.png; sourceTree = "<group>"; };
		6CA5216411764DD500F51E10 /* clock_icon.png */ = {isa = PBXFileReference; lastKnownFileType = image.png; name = clock_icon.png; path = images/clock_icon.png; sourceTree = "<group>"; };
		6CA5216511764DD500F51E10 /* new_train.png */ = {isa = PBXFileReference; lastKnownFileType = image.png; name = new_train.png; path = images/new_train.png; sourceTree = "<group>"; };
		6CA5216811764DEF00F51E10 /* graph_icon.png */ = {isa = PBXFileReference; lastKnownFileType = image.png; name = graph_icon.png; path = images/graph_icon.png; sourceTree = "<group>"; };
		6CDFBDEF117F5AFD00C3D9C0 /* Icon.png */ = {isa = PBXFileReference; lastKnownFileType = image.png; name = Icon.png; path = images/Icon.png; sourceTree = "<group>"; };
		6CDFBDF5117F5C0300C3D9C0 /* title_screen.png */ = {isa = PBXFileReference; lastKnownFileType = image.png; name = title_screen.png; path = images/title_screen.png; sourceTree = "<group>"; };
		6CE1EB8811B3A8BA00D517C3 /* Worklog.txt */ = {isa = PBXFileReference; fileEncoding = 4; lastKnownFileType = text; path = Worklog.txt; sourceTree = "<group>"; };
		6CF2AB89119ADDF3004C7ECB /* pickerWindow.h */ = {isa = PBXFileReference; fileEncoding = 4; lastKnownFileType = sourcecode.c.h; path = pickerWindow.h; sourceTree = "<group>"; };
		6CF2AB8A119ADDF3004C7ECB /* pickerWindow.m */ = {isa = PBXFileReference; fileEncoding = 4; lastKnownFileType = sourcecode.c.objc; path = pickerWindow.m; sourceTree = "<group>"; };
		6CF2AB9E119AE082004C7ECB /* pickerView.xib */ = {isa = PBXFileReference; lastKnownFileType = file.xib; name = pickerView.xib; path = Classes/pickerView.xib; sourceTree = "<group>"; };
		8D1107310486CEB800E47090 /* PhysicalAnalytics-Info.plist */ = {isa = PBXFileReference; fileEncoding = 4; lastKnownFileType = text.plist.xml; path = "PhysicalAnalytics-Info.plist"; plistStructureDefinitionIdentifier = "com.apple.xcode.plist.structure-definition.iphone.info-plist"; sourceTree = "<group>"; };
/* End PBXFileReference section */

/* Begin PBXFrameworksBuildPhase section */
		1D60588F0D05DD3D006BFB54 /* Frameworks */ = {
			isa = PBXFrameworksBuildPhase;
			buildActionMask = 2147483647;
			files = (
				1D60589F0D05DD5A006BFB54 /* Foundation.framework in Frameworks */,
				1DF5F4E00D08C38300B7A737 /* UIKit.framework in Frameworks */,
				288765080DF74369002DB57D /* CoreGraphics.framework in Frameworks */,
				53A29DC010517AE100D35D5E /* CoreLocation.framework in Frameworks */,
				53900E6E10555FED00A73D2B /* libsqlite3.dylib in Frameworks */,
				539D24A1105AA2760084170C /* MapKit.framework in Frameworks */,
				5307EDC310BABB040062B62E /* CFNetwork.framework in Frameworks */,
			);
			runOnlyForDeploymentPostprocessing = 0;
		};
/* End PBXFrameworksBuildPhase section */

/* Begin PBXGroup section */
		080E96DDFE201D6D7F000001 /* Classes */ = {
			isa = PBXGroup;
			children = (
				532B1EAD1050113B001FF126 /* AccelGetter.h */,
				532B1EAE1050113B001FF126 /* AccelGetter.m */,
				5307EDBB10BABAE00062B62E /* AsyncSocket.m */,
				5307EDBC10BABAE00062B62E /* AsyncSocket.h */,
				53900E451055367D00A73D2B /* DataBaseControler.h */,
				53900E461055367D00A73D2B /* DataBaseControler.m */,
				1D3623240D0F684500981E51 /* FitNexusAppDelegate.h */,
				1D3623250D0F684500981E51 /* FitNexusAppDelegate.m */,
				28216C950DB411BC00E5133A /* FirstViewController.h */,
				28216C960DB411BC00E5133A /* FirstViewController.m */,
				532B1EA81050112D001FF126 /* LocationGetter.h */,
				532B1EA91050112D001FF126 /* LocationGetter.m */,
				5307EDE410BAE0A40062B62E /* netCon.h */,
				5307EDE510BAE0A40062B62E /* netCon.m */,
				6CF2AB89119ADDF3004C7ECB /* pickerWindow.h */,
				6CF2AB8A119ADDF3004C7ECB /* pickerWindow.m */,
				53900E34105534FF00A73D2B /* SocialNetScreen.h */,
				53900E35105534FF00A73D2B /* SocialNetScreen.m */,
				53B41797107CC13C008E65CA /* statsView.h */,
				53B41798107CC13C008E65CA /* statsView.m */,
				53900E26105534BD00A73D2B /* StatsScreen.h */,
				53900E27105534BD00A73D2B /* StatsScreen.m */,
				53900E2D105534D600A73D2B /* StopWatchScreen.h */,
				53900E2E105534D600A73D2B /* StopWatchScreen.m */,
				53E23359104C37300073F76A /* TrainingScreen.m */,
				53E23358104C37300073F76A /* TrainingScreen.h */,
			);
			path = Classes;
			sourceTree = "<group>";
		};
		19C28FACFE9D520D11CA2CBB /* Products */ = {
			isa = PBXGroup;
			children = (
				1D6058910D05DD3D006BFB54 /* PhysicalAnalytics.app */,
			);
			name = Products;
			sourceTree = "<group>";
		};
		29B97314FDCFA39411CA2CEA /* FitNexus */ = {
			isa = PBXGroup;
			children = (
				6CE1EB8811B3A8BA00D517C3 /* Worklog.txt */,
				6CE1EB8211B3A55000D517C3 /* Images */,
				539D24A0105AA2760084170C /* MapKit.framework */,
				53A29DBF10517AE100D35D5E /* CoreLocation.framework */,
				080E96DDFE201D6D7F000001 /* Classes */,
				6CE1EB8311B3A5BC00D517C3 /* Xibs */,
				29B97315FDCFA39411CA2CEA /* Other Sources */,
				29B97317FDCFA39411CA2CEA /* Resources */,
				29B97323FDCFA39411CA2CEA /* Frameworks */,
				19C28FACFE9D520D11CA2CBB /* Products */,
			);
			name = FitNexus;
			sourceTree = "<group>";
		};
		29B97315FDCFA39411CA2CEA /* Other Sources */ = {
			isa = PBXGroup;
			children = (
				29B97316FDCFA39411CA2CEA /* main.m */,
				8D1107310486CEB800E47090 /* PhysicalAnalytics-Info.plist */,
				28A0AB4B0D9B1048005BE974 /* PhysicalAnalytics_Prefix.pch */,
			);
			name = "Other Sources";
			sourceTree = "<group>";
		};
		29B97317FDCFA39411CA2CEA /* Resources */ = {
			isa = PBXGroup;
			children = (
			);
			name = Resources;
			sourceTree = "<group>";
		};
		29B97323FDCFA39411CA2CEA /* Frameworks */ = {
			isa = PBXGroup;
			children = (
				5307EDC210BABB040062B62E /* CFNetwork.framework */,
				53900E6D10555FED00A73D2B /* libsqlite3.dylib */,
				1DF5F4DF0D08C38300B7A737 /* UIKit.framework */,
				1D30AB110D05D00D00671497 /* Foundation.framework */,
				288765070DF74369002DB57D /* CoreGraphics.framework */,
			);
			name = Frameworks;
			sourceTree = "<group>";
		};
		6CE1EB8211B3A55000D517C3 /* Images */ = {
			isa = PBXGroup;
			children = (
				6CDFBDF5117F5C0300C3D9C0 /* title_screen.png */,
				6CDFBDEF117F5AFD00C3D9C0 /* Icon.png */,
				6C39A57111A598BD00CA2415 /* info_icon.png */,
				6CA5216811764DEF00F51E10 /* graph_icon.png */,
				6CA5216411764DD500F51E10 /* clock_icon.png */,
				6CA5216511764DD500F51E10 /* new_train.png */,
			);
			name = Images;
			sourceTree = "<group>";
		};
		6CE1EB8311B3A5BC00D517C3 /* Xibs */ = {
			isa = PBXGroup;
			children = (
				28AD73870D9D96C1002E5188 /* MainWindow.xib */,
				53E2335A104C37300073F76A /* TrainingScreen.xib */,
				282CCBFD0DB6C98000C4EA27 /* SecondView.xib */,
				53900E28105534BD00A73D2B /* StatsScreen.xib */,
				53B416DE107CB6DD008E65CA /* graphView.xib */,
				6CF2AB9E119AE082004C7ECB /* pickerView.xib */,
				53900E36105534FF00A73D2B /* SocialNetScreen.xib */,
				53900E2F105534D600A73D2B /* StopWatchScreen.xib */,
			);
			name = Xibs;
			sourceTree = "<group>";
		};
/* End PBXGroup section */

/* Begin PBXNativeTarget section */
		1D6058900D05DD3D006BFB54 /* PhysicalAnalytics */ = {
			isa = PBXNativeTarget;
			buildConfigurationList = 1D6058960D05DD3E006BFB54 /* Build configuration list for PBXNativeTarget "PhysicalAnalytics" */;
			buildPhases = (
				1D60588D0D05DD3D006BFB54 /* Resources */,
				1D60588E0D05DD3D006BFB54 /* Sources */,
				1D60588F0D05DD3D006BFB54 /* Frameworks */,
			);
			buildRules = (
			);
			dependencies = (
			);
			name = PhysicalAnalytics;
			productName = FitNexus;
			productReference = 1D6058910D05DD3D006BFB54 /* PhysicalAnalytics.app */;
			productType = "com.apple.product-type.application";
		};
/* End PBXNativeTarget section */

/* Begin PBXProject section */
		29B97313FDCFA39411CA2CEA /* Project object */ = {
			isa = PBXProject;
			buildConfigurationList = C01FCF4E08A954540054247B /* Build configuration list for PBXProject "PhysicalAnalytics" */;
			compatibilityVersion = "Xcode 3.1";
			developmentRegion = English;
			hasScannedForEncodings = 1;
			knownRegions = (
				English,
				Japanese,
				French,
				German,
			);
			mainGroup = 29B97314FDCFA39411CA2CEA /* FitNexus */;
			projectDirPath = "";
			projectRoot = "";
			targets = (
				1D6058900D05DD3D006BFB54 /* PhysicalAnalytics */,
			);
		};
/* End PBXProject section */

/* Begin PBXResourcesBuildPhase section */
		1D60588D0D05DD3D006BFB54 /* Resources */ = {
			isa = PBXResourcesBuildPhase;
			buildActionMask = 2147483647;
			files = (
				28AD73880D9D96C1002E5188 /* MainWindow.xib in Resources */,
				282CCBFE0DB6C98000C4EA27 /* SecondView.xib in Resources */,
				53E2335C104C37300073F76A /* TrainingScreen.xib in Resources */,
				53900E2A105534BD00A73D2B /* StatsScreen.xib in Resources */,
				53900E31105534D600A73D2B /* StopWatchScreen.xib in Resources */,
				53900E38105534FF00A73D2B /* SocialNetScreen.xib in Resources */,
				53B416E0107CB6DD008E65CA /* graphView.xib in Resources */,
				6CA5216611764DD500F51E10 /* clock_icon.png in Resources */,
				6CA5216711764DD500F51E10 /* new_train.png in Resources */,
				6CA5216911764DEF00F51E10 /* graph_icon.png in Resources */,
				6CDFBDF0117F5AFD00C3D9C0 /* Icon.png in Resources */,
				6CDFBDF6117F5C0300C3D9C0 /* title_screen.png in Resources */,
				6CF2AB9F119AE082004C7ECB /* pickerView.xib in Resources */,
				6C39A57211A598BD00CA2415 /* info_icon.png in Resources */,
				6CE1EB8911B3A8BA00D517C3 /* Worklog.txt in Resources */,
			);
			runOnlyForDeploymentPostprocessing = 0;
		};
/* End PBXResourcesBuildPhase section */

/* Begin PBXSourcesBuildPhase section */
		1D60588E0D05DD3D006BFB54 /* Sources */ = {
			isa = PBXSourcesBuildPhase;
			buildActionMask = 2147483647;
			files = (
				1D60589B0D05DD56006BFB54 /* main.m in Sources */,
				1D3623260D0F684500981E51 /* FitNexusAppDelegate.m in Sources */,
				28216C970DB411BC00E5133A /* FirstViewController.m in Sources */,
				53E2335B104C37300073F76A /* TrainingScreen.m in Sources */,
				532B1EAA1050112D001FF126 /* LocationGetter.m in Sources */,
				532B1EAF1050113B001FF126 /* AccelGetter.m in Sources */,
				53900E29105534BD00A73D2B /* StatsScreen.m in Sources */,
				53900E30105534D600A73D2B /* StopWatchScreen.m in Sources */,
				53900E37105534FF00A73D2B /* SocialNetScreen.m in Sources */,
				53900E471055367D00A73D2B /* DataBaseControler.m in Sources */,
				53B41799107CC13C008E65CA /* statsView.m in Sources */,
				5307EDBF10BABAE00062B62E /* AsyncSocket.m in Sources */,
				5307EDE610BAE0A40062B62E /* netCon.m in Sources */,
				6CF2AB8B119ADDF3004C7ECB /* pickerWindow.m in Sources */,
			);
			runOnlyForDeploymentPostprocessing = 0;
		};
/* End PBXSourcesBuildPhase section */

/* Begin XCBuildConfiguration section */
		1D6058940D05DD3E006BFB54 /* Debug */ = {
			isa = XCBuildConfiguration;
			buildSettings = {
				ALWAYS_SEARCH_USER_PATHS = NO;
				COPY_PHASE_STRIP = NO;
				GCC_DYNAMIC_NO_PIC = NO;
				GCC_OPTIMIZATION_LEVEL = 0;
				GCC_PRECOMPILE_PREFIX_HEADER = YES;
				GCC_PREFIX_HEADER = PhysicalAnalytics_Prefix.pch;
				INFOPLIST_FILE = "PhysicalAnalytics-Info.plist";
				PRODUCT_NAME = PhysicalAnalytics;
			};
			name = Debug;
		};
		1D6058950D05DD3E006BFB54 /* Release */ = {
			isa = XCBuildConfiguration;
			buildSettings = {
				ALWAYS_SEARCH_USER_PATHS = NO;
				CODE_SIGN_IDENTITY = "iPhone Distribution: Malachy Kelly";
				"CODE_SIGN_IDENTITY[sdk=iphoneos*]" = "iPhone Distribution: Malachy Kelly";
				COPY_PHASE_STRIP = YES;
				GCC_PRECOMPILE_PREFIX_HEADER = YES;
				GCC_PREFIX_HEADER = PhysicalAnalytics_Prefix.pch;
				INFOPLIST_FILE = "PhysicalAnalytics-Info.plist";
				PRODUCT_NAME = PhysicalAnalytics;
			};
			name = Release;
		};
		C01FCF4F08A954540054247B /* Debug */ = {
			isa = XCBuildConfiguration;
			buildSettings = {
				ARCHS = "$(ARCHS_STANDARD_32_BIT)";
				"CODE_SIGN_IDENTITY[sdk=iphoneos*]" = "iPhone Developer: Malachy Kelly (GAA8KSLUYD)";
				GCC_C_LANGUAGE_STANDARD = c99;
				GCC_WARN_ABOUT_RETURN_TYPE = YES;
				GCC_WARN_UNUSED_VARIABLE = YES;
				PREBINDING = NO;
				"PROVISIONING_PROFILE[sdk=iphoneos*]" = "24973815-8BEE-436A-8941-6D63A3223550";
				SDKROOT = iphonesimulator4.1;
			};
			name = Debug;
		};
		C01FCF5008A954540054247B /* Release */ = {
			isa = XCBuildConfiguration;
			buildSettings = {
				ARCHS = "$(ARCHS_STANDARD_32_BIT)";
				"CODE_SIGN_IDENTITY[sdk=iphoneos*]" = "iPhone Developer: Malachy Kelly (GAA8KSLUYD)";
				GCC_C_LANGUAGE_STANDARD = c99;
				GCC_WARN_ABOUT_RETURN_TYPE = YES;
				GCC_WARN_UNUSED_VARIABLE = YES;
				PREBINDING = NO;
				"PROVISIONING_PROFILE[sdk=iphoneos*]" = "24973815-8BEE-436A-8941-6D63A3223550";
				SDKROOT = iphonesimulator4.1;
			};
			name = Release;
		};
/* End XCBuildConfiguration section */

/* Begin XCConfigurationList section */
		1D6058960D05DD3E006BFB54 /* Build configuration list for PBXNativeTarget "PhysicalAnalytics" */ = {
			isa = XCConfigurationList;
			buildConfigurations = (
				1D6058940D05DD3E006BFB54 /* Debug */,
				1D6058950D05DD3E006BFB54 /* Release */,
			);
			defaultConfigurationIsVisible = 0;
			defaultConfigurationName = Release;
		};
		C01FCF4E08A954540054247B /* Build configuration list for PBXProject "PhysicalAnalytics" */ = {
			isa = XCConfigurationList;
			buildConfigurations = (
				C01FCF4F08A954540054247B /* Debug */,
				C01FCF5008A954540054247B /* Release */,
			);
			defaultConfigurationIsVisible = 0;
			defaultConfigurationName = Release;
		};
/* End XCConfigurationList section */
	};
	rootObject = 29B97313FDCFA39411CA2CEA /* Project object */;
}
